
Microsoft Visual Studio Solution File, Format Version 12.00
# Visual Studio Version 17
VisualStudioVersion = 17.8.34601.278
MinimumVisualStudioVersion = 10.0.40219.1
Project("{9A19103F-16F7-4668-BE54-9A1E7A4F7556}") = "ADB.Blogger", "ADB.Blogger\ADB.Blogger.csproj", "{193EE8E2-55E5-42BD-9DED-3B807A2ACB53}"
EndProject
Project("{54A90642-561A-4BB1-A94E-469ADEE60C69}") = "ADB.Blogger.Client", "ADB.Blogger.Client\ADB.Blogger.Client.esproj", "{6CF3457D-4456-485A-ACF8-079FF0327226}"
EndProject
Project("{2150E333-8FDC-42A3-9474-1A3956D46DE8}") = ".github", ".github", "{68E70151-E92A-4EBB-90CD-51EFBF453FEA}"
EndProject
Project("{2150E333-8FDC-42A3-9474-1A3956D46DE8}") = "workflows", "workflows", "{B670240D-84EC-466B-AA8C-C63873CA438F}"
	ProjectSection(SolutionItems) = preProject
		deployApp.yml = deployApp.yml
	EndProjectSection
EndProject
Global
	GlobalSection(SolutionConfigurationPlatforms) = preSolution
		Debug|Any CPU = Debug|Any CPU
		Release|Any CPU = Release|Any CPU
	EndGlobalSection
	GlobalSection(ProjectConfigurationPlatforms) = postSolution
		{193EE8E2-55E5-42BD-9DED-3B807A2ACB53}.Debug|Any CPU.ActiveCfg = Debug|Any CPU
		{193EE8E2-55E5-42BD-9DED-3B807A2ACB53}.Debug|Any CPU.Build.0 = Debug|Any CPU
		{193EE8E2-55E5-42BD-9DED-3B807A2ACB53}.Release|Any CPU.ActiveCfg = Release|Any CPU
		{193EE8E2-55E5-42BD-9DED-3B807A2ACB53}.Release|Any CPU.Build.0 = Release|Any CPU
		{6CF3457D-4456-485A-ACF8-079FF0327226}.Debug|Any CPU.ActiveCfg = Debug|Any CPU
		{6CF3457D-4456-485A-ACF8-079FF0327226}.Debug|Any CPU.Build.0 = Debug|Any CPU
		{6CF3457D-4456-485A-ACF8-079FF0327226}.Debug|Any CPU.Deploy.0 = Debug|Any CPU
		{6CF3457D-4456-485A-ACF8-079FF0327226}.Release|Any CPU.ActiveCfg = Release|Any CPU
		{6CF3457D-4456-485A-ACF8-079FF0327226}.Release|Any CPU.Build.0 = Release|Any CPU
		{6CF3457D-4456-485A-ACF8-079FF0327226}.Release|Any CPU.Deploy.0 = Release|Any CPU
	EndGlobalSection
	GlobalSection(SolutionProperties) = preSolution
		HideSolutionNode = FALSE
	EndGlobalSection
	GlobalSection(NestedProjects) = preSolution
		{B670240D-84EC-466B-AA8C-C63873CA438F} = {68E70151-E92A-4EBB-90CD-51EFBF453FEA}
	EndGlobalSection
	GlobalSection(ExtensibilityGlobals) = postSolution
		SolutionGuid = {5BBCDE25-9F79-40F8-A635-B92F537ECC17}
	EndGlobalSection
EndGlobal
